
Microsoft Visual Studio Solution File, Format Version 12.00
# Visual Studio Version 17
VisualStudioVersion = 17.3.32825.248
MinimumVisualStudioVersion = 10.0.40219.1
Project("{FAE04EC0-301F-11D3-BF4B-00C04F79EFBC}") = "program", "program\program.csproj", "{C037748E-0724-4AB7-8D59-25B599C54402}"
EndProject
Project("{FAE04EC0-301F-11D3-BF4B-00C04F79EFBC}") = "dominio", "dominio\dominio.csproj", "{F2B1AD7C-E1DA-4AD7-84DA-90A7DEE190D7}"
EndProject
Project("{FAE04EC0-301F-11D3-BF4B-00C04F79EFBC}") = "negocio", "negocio\negocio.csproj", "{66083275-4426-45DB-8630-7538E9D263D5}"
EndProject
Global
	GlobalSection(SolutionConfigurationPlatforms) = preSolution
		Debug|Any CPU = Debug|Any CPU
		Release|Any CPU = Release|Any CPU
	EndGlobalSection
	GlobalSection(ProjectConfigurationPlatforms) = postSolution
		{C037748E-0724-4AB7-8D59-25B599C54402}.Debug|Any CPU.ActiveCfg = Debug|Any CPU
		{C037748E-0724-4AB7-8D59-25B599C54402}.Debug|Any CPU.Build.0 = Debug|Any CPU
		{C037748E-0724-4AB7-8D59-25B599C54402}.Release|Any CPU.ActiveCfg = Release|Any CPU
		{C037748E-0724-4AB7-8D59-25B599C54402}.Release|Any CPU.Build.0 = Release|Any CPU
		{F2B1AD7C-E1DA-4AD7-84DA-90A7DEE190D7}.Debug|Any CPU.ActiveCfg = Debug|Any CPU
		{F2B1AD7C-E1DA-4AD7-84DA-90A7DEE190D7}.Debug|Any CPU.Build.0 = Debug|Any CPU
		{F2B1AD7C-E1DA-4AD7-84DA-90A7DEE190D7}.Release|Any CPU.ActiveCfg = Release|Any CPU
		{F2B1AD7C-E1DA-4AD7-84DA-90A7DEE190D7}.Release|Any CPU.Build.0 = Release|Any CPU
		{66083275-4426-45DB-8630-7538E9D263D5}.Debug|Any CPU.ActiveCfg = Debug|Any CPU
		{66083275-4426-45DB-8630-7538E9D263D5}.Debug|Any CPU.Build.0 = Debug|Any CPU
		{66083275-4426-45DB-8630-7538E9D263D5}.Release|Any CPU.ActiveCfg = Release|Any CPU
		{66083275-4426-45DB-8630-7538E9D263D5}.Release|Any CPU.Build.0 = Release|Any CPU
	EndGlobalSection
	GlobalSection(SolutionProperties) = preSolution
		HideSolutionNode = FALSE
	EndGlobalSection
	GlobalSection(ExtensibilityGlobals) = postSolution
		SolutionGuid = {DF758224-1E5A-43BF-ACC7-B305288C68ED}
	EndGlobalSection
EndGlobal
